// !$*UTF8*$!
{
	archiveVersion = 1;
	classes = {
	};
	objectVersion = 46;
	objects = {

/* Begin PBXBuildFile section */
		FD4E53361CAD150C003A314D /* XLazyAboutWindowController.m in Sources */ = {isa = PBXBuildFile; fileRef = FD4E53341CAD150C003A314D /* XLazyAboutWindowController.m */; };
		FD4E53371CAD150C003A314D /* XLazyAboutWindowController.xib in Resources */ = {isa = PBXBuildFile; fileRef = FD4E53351CAD150C003A314D /* XLazyAboutWindowController.xib */; };
		FD8125DB1C4E303200EA3A61 /* AppKit.framework in Frameworks */ = {isa = PBXBuildFile; fileRef = FD8125DA1C4E303200EA3A61 /* AppKit.framework */; };
		FD8125DD1C4E303200EA3A61 /* Foundation.framework in Frameworks */ = {isa = PBXBuildFile; fileRef = FD8125DC1C4E303200EA3A61 /* Foundation.framework */; };
		FD8125E11C4E303200EA3A61 /* XXCodeGeneration.xcscheme in Resources */ = {isa = PBXBuildFile; fileRef = FD8125E01C4E303200EA3A61 /* XXCodeGeneration.xcscheme */; };
		FD8125E41C4E303200EA3A61 /* XXCodeGeneration.m in Sources */ = {isa = PBXBuildFile; fileRef = FD8125E31C4E303200EA3A61 /* XXCodeGeneration.m */; };
		FD8125E71C4E303200EA3A61 /* NSObject_Extension.m in Sources */ = {isa = PBXBuildFile; fileRef = FD8125E61C4E303200EA3A61 /* NSObject_Extension.m */; };
		FD8125F81C4E30C600EA3A61 /* XLazySettings.m in Sources */ = {isa = PBXBuildFile; fileRef = FD8125F41C4E30C600EA3A61 /* XLazySettings.m */; };
		FD8125F91C4E30C600EA3A61 /* XLazySettingsWindowController.m in Sources */ = {isa = PBXBuildFile; fileRef = FD8125F61C4E30C600EA3A61 /* XLazySettingsWindowController.m */; };
		FD8125FA1C4E30C600EA3A61 /* XLazySettingsWindowController.xib in Resources */ = {isa = PBXBuildFile; fileRef = FD8125F71C4E30C600EA3A61 /* XLazySettingsWindowController.xib */; };
		FD8126041C4E30CD00EA3A61 /* OCProperty.m in Sources */ = {isa = PBXBuildFile; fileRef = FD8125FD1C4E30CD00EA3A61 /* OCProperty.m */; };
		FD8126051C4E30CD00EA3A61 /* StringFormater.m in Sources */ = {isa = PBXBuildFile; fileRef = FD8125FF1C4E30CD00EA3A61 /* StringFormater.m */; };
		FD8126061C4E30CD00EA3A61 /* StringHelper.m in Sources */ = {isa = PBXBuildFile; fileRef = FD8126011C4E30CD00EA3A61 /* StringHelper.m */; };
		FD8126071C4E30CD00EA3A61 /* TextCheckingResult.m in Sources */ = {isa = PBXBuildFile; fileRef = FD8126031C4E30CD00EA3A61 /* TextCheckingResult.m */; };
/* End PBXBuildFile section */

/* Begin PBXFileReference section */
		FD4E53331CAD150C003A314D /* XLazyAboutWindowController.h */ = {isa = PBXFileReference; fileEncoding = 4; lastKnownFileType = sourcecode.c.h; path = XLazyAboutWindowController.h; sourceTree = "<group>"; };
		FD4E53341CAD150C003A314D /* XLazyAboutWindowController.m */ = {isa = PBXFileReference; fileEncoding = 4; lastKnownFileType = sourcecode.c.objc; path = XLazyAboutWindowController.m; sourceTree = "<group>"; };
		FD4E53351CAD150C003A314D /* XLazyAboutWindowController.xib */ = {isa = PBXFileReference; fileEncoding = 4; lastKnownFileType = file.xib; path = XLazyAboutWindowController.xib; sourceTree = "<group>"; };
		FD8125D71C4E303200EA3A61 /* XXCodeGeneration.xcplugin */ = {isa = PBXFileReference; explicitFileType = wrapper.cfbundle; includeInIndex = 0; path = XXCodeGeneration.xcplugin; sourceTree = BUILT_PRODUCTS_DIR; };
		FD8125DA1C4E303200EA3A61 /* AppKit.framework */ = {isa = PBXFileReference; lastKnownFileType = wrapper.framework; name = AppKit.framework; path = /System/Library/Frameworks/AppKit.framework; sourceTree = "<absolute>"; };
		FD8125DC1C4E303200EA3A61 /* Foundation.framework */ = {isa = PBXFileReference; lastKnownFileType = wrapper.framework; name = Foundation.framework; path = /System/Library/Frameworks/Foundation.framework; sourceTree = "<absolute>"; };
		FD8125E01C4E303200EA3A61 /* XXCodeGeneration.xcscheme */ = {isa = PBXFileReference; lastKnownFileType = text.xml; name = XXCodeGeneration.xcscheme; path = XXCodeGeneration.xcodeproj/xcshareddata/xcschemes/XXCodeGeneration.xcscheme; sourceTree = SOURCE_ROOT; };
		FD8125E21C4E303200EA3A61 /* XXCodeGeneration.h */ = {isa = PBXFileReference; lastKnownFileType = sourcecode.c.h; path = XXCodeGeneration.h; sourceTree = "<group>"; };
		FD8125E31C4E303200EA3A61 /* XXCodeGeneration.m */ = {isa = PBXFileReference; lastKnownFileType = sourcecode.c.objc; path = XXCodeGeneration.m; sourceTree = "<group>"; };
		FD8125E51C4E303200EA3A61 /* NSObject_Extension.h */ = {isa = PBXFileReference; lastKnownFileType = sourcecode.c.h; path = NSObject_Extension.h; sourceTree = "<group>"; };
		FD8125E61C4E303200EA3A61 /* NSObject_Extension.m */ = {isa = PBXFileReference; lastKnownFileType = sourcecode.c.objc; path = NSObject_Extension.m; sourceTree = "<group>"; };
		FD8125E81C4E303200EA3A61 /* Info.plist */ = {isa = PBXFileReference; lastKnownFileType = text.plist.xml; path = Info.plist; sourceTree = "<group>"; };
		FD8125EF1C4E304E00EA3A61 /* CustomLogTools.h */ = {isa = PBXFileReference; fileEncoding = 4; lastKnownFileType = sourcecode.c.h; path = CustomLogTools.h; sourceTree = "<group>"; };
		FD8125F11C4E308D00EA3A61 /* PrefixHeader.pch */ = {isa = PBXFileReference; lastKnownFileType = sourcecode.c.h; path = PrefixHeader.pch; sourceTree = "<group>"; };
		FD8125F31C4E30C600EA3A61 /* XLazySettings.h */ = {isa = PBXFileReference; fileEncoding = 4; lastKnownFileType = sourcecode.c.h; path = XLazySettings.h; sourceTree = "<group>"; };
		FD8125F41C4E30C600EA3A61 /* XLazySettings.m */ = {isa = PBXFileReference; fileEncoding = 4; lastKnownFileType = sourcecode.c.objc; path = XLazySettings.m; sourceTree = "<group>"; };
		FD8125F51C4E30C600EA3A61 /* XLazySettingsWindowController.h */ = {isa = PBXFileReference; fileEncoding = 4; lastKnownFileType = sourcecode.c.h; path = XLazySettingsWindowController.h; sourceTree = "<group>"; };
		FD8125F61C4E30C600EA3A61 /* XLazySettingsWindowController.m */ = {isa = PBXFileReference; fileEncoding = 4; lastKnownFileType = sourcecode.c.objc; path = XLazySettingsWindowController.m; sourceTree = "<group>"; };
		FD8125F71C4E30C600EA3A61 /* XLazySettingsWindowController.xib */ = {isa = PBXFileReference; fileEncoding = 4; lastKnownFileType = file.xib; path = XLazySettingsWindowController.xib; sourceTree = "<group>"; };
		FD8125FC1C4E30CD00EA3A61 /* OCProperty.h */ = {isa = PBXFileReference; fileEncoding = 4; lastKnownFileType = sourcecode.c.h; path = OCProperty.h; sourceTree = "<group>"; };
		FD8125FD1C4E30CD00EA3A61 /* OCProperty.m */ = {isa = PBXFileReference; fileEncoding = 4; lastKnownFileType = sourcecode.c.objc; path = OCProperty.m; sourceTree = "<group>"; };
		FD8125FE1C4E30CD00EA3A61 /* StringFormater.h */ = {isa = PBXFileReference; fileEncoding = 4; lastKnownFileType = sourcecode.c.h; path = StringFormater.h; sourceTree = "<group>"; };
		FD8125FF1C4E30CD00EA3A61 /* StringFormater.m */ = {isa = PBXFileReference; fileEncoding = 4; lastKnownFileType = sourcecode.c.objc; path = StringFormater.m; sourceTree = "<group>"; };
		FD8126001C4E30CD00EA3A61 /* StringHelper.h */ = {isa = PBXFileReference; fileEncoding = 4; lastKnownFileType = sourcecode.c.h; path = StringHelper.h; sourceTree = "<group>"; };
		FD8126011C4E30CD00EA3A61 /* StringHelper.m */ = {isa = PBXFileReference; fileEncoding = 4; lastKnownFileType = sourcecode.c.objc; path = StringHelper.m; sourceTree = "<group>"; };
		FD8126021C4E30CD00EA3A61 /* TextCheckingResult.h */ = {isa = PBXFileReference; fileEncoding = 4; lastKnownFileType = sourcecode.c.h; path = TextCheckingResult.h; sourceTree = "<group>"; };
		FD8126031C4E30CD00EA3A61 /* TextCheckingResult.m */ = {isa = PBXFileReference; fileEncoding = 4; lastKnownFileType = sourcecode.c.objc; path = TextCheckingResult.m; sourceTree = "<group>"; };
/* End PBXFileReference section */

/* Begin PBXFrameworksBuildPhase section */
		FD8125D51C4E303200EA3A61 /* Frameworks */ = {
			isa = PBXFrameworksBuildPhase;
			buildActionMask = 2147483647;
			files = (
				FD8125DB1C4E303200EA3A61 /* AppKit.framework in Frameworks */,
				FD8125DD1C4E303200EA3A61 /* Foundation.framework in Frameworks */,
			);
			runOnlyForDeploymentPostprocessing = 0;
		};
/* End PBXFrameworksBuildPhase section */

/* Begin PBXGroup section */
		FD8125CE1C4E303200EA3A61 = {
			isa = PBXGroup;
			children = (
				FD8125DE1C4E303200EA3A61 /* XXCodeGeneration */,
				FD8125D91C4E303200EA3A61 /* Frameworks */,
				FD8125D81C4E303200EA3A61 /* Products */,
			);
			sourceTree = "<group>";
		};
		FD8125D81C4E303200EA3A61 /* Products */ = {
			isa = PBXGroup;
			children = (
				FD8125D71C4E303200EA3A61 /* XXCodeGeneration.xcplugin */,
			);
			name = Products;
			sourceTree = "<group>";
		};
		FD8125D91C4E303200EA3A61 /* Frameworks */ = {
			isa = PBXGroup;
			children = (
				FD8125DA1C4E303200EA3A61 /* AppKit.framework */,
				FD8125DC1C4E303200EA3A61 /* Foundation.framework */,
			);
			name = Frameworks;
			sourceTree = "<group>";
		};
		FD8125DE1C4E303200EA3A61 /* XXCodeGeneration */ = {
			isa = PBXGroup;
			children = (
				FDDFE5941CAD135C006F43BA /* About */,
				FD8125FB1C4E30CD00EA3A61 /* StringHelper */,
				FD8125F21C4E30C600EA3A61 /* Settings */,
				FD8125F01C4E306000EA3A61 /* Category */,
				FD8125EE1C4E304D00EA3A61 /* CustomLogTools */,
				FD8125E21C4E303200EA3A61 /* XXCodeGeneration.h */,
				FD8125E31C4E303200EA3A61 /* XXCodeGeneration.m */,
				FD8125E51C4E303200EA3A61 /* NSObject_Extension.h */,
				FD8125E61C4E303200EA3A61 /* NSObject_Extension.m */,
				FD8125E81C4E303200EA3A61 /* Info.plist */,
				FD8125F11C4E308D00EA3A61 /* PrefixHeader.pch */,
				FD8125DF1C4E303200EA3A61 /* Supporting Files */,
			);
			path = XXCodeGeneration;
			sourceTree = "<group>";
		};
		FD8125DF1C4E303200EA3A61 /* Supporting Files */ = {
			isa = PBXGroup;
			children = (
				FD8125E01C4E303200EA3A61 /* XXCodeGeneration.xcscheme */,
			);
			name = "Supporting Files";
			sourceTree = "<group>";
		};
		FD8125EE1C4E304D00EA3A61 /* CustomLogTools */ = {
			isa = PBXGroup;
			children = (
				FD8125EF1C4E304E00EA3A61 /* CustomLogTools.h */,
			);
			path = CustomLogTools;
			sourceTree = "<group>";
		};
		FD8125F01C4E306000EA3A61 /* Category */ = {
			isa = PBXGroup;
			children = (
			);
			name = Category;
			sourceTree = "<group>";
		};
		FD8125F21C4E30C600EA3A61 /* Settings */ = {
			isa = PBXGroup;
			children = (
				FD8125F31C4E30C600EA3A61 /* XLazySettings.h */,
				FD8125F41C4E30C600EA3A61 /* XLazySettings.m */,
				FD8125F51C4E30C600EA3A61 /* XLazySettingsWindowController.h */,
				FD8125F61C4E30C600EA3A61 /* XLazySettingsWindowController.m */,
				FD8125F71C4E30C600EA3A61 /* XLazySettingsWindowController.xib */,
			);
			path = Settings;
			sourceTree = "<group>";
		};
		FD8125FB1C4E30CD00EA3A61 /* StringHelper */ = {
			isa = PBXGroup;
			children = (
				FD8125FC1C4E30CD00EA3A61 /* OCProperty.h */,
				FD8125FD1C4E30CD00EA3A61 /* OCProperty.m */,
				FD8125FE1C4E30CD00EA3A61 /* StringFormater.h */,
				FD8125FF1C4E30CD00EA3A61 /* StringFormater.m */,
				FD8126001C4E30CD00EA3A61 /* StringHelper.h */,
				FD8126011C4E30CD00EA3A61 /* StringHelper.m */,
				FD8126021C4E30CD00EA3A61 /* TextCheckingResult.h */,
				FD8126031C4E30CD00EA3A61 /* TextCheckingResult.m */,
			);
			path = StringHelper;
			sourceTree = "<group>";
		};
		FDDFE5941CAD135C006F43BA /* About */ = {
			isa = PBXGroup;
			children = (
				FD4E53331CAD150C003A314D /* XLazyAboutWindowController.h */,
				FD4E53341CAD150C003A314D /* XLazyAboutWindowController.m */,
				FD4E53351CAD150C003A314D /* XLazyAboutWindowController.xib */,
			);
			path = About;
			sourceTree = "<group>";
		};
/* End PBXGroup section */

/* Begin PBXNativeTarget section */
		FD8125D61C4E303200EA3A61 /* XXCodeGeneration */ = {
			isa = PBXNativeTarget;
			buildConfigurationList = FD8125EB1C4E303200EA3A61 /* Build configuration list for PBXNativeTarget "XXCodeGeneration" */;
			buildPhases = (
				FD8125D31C4E303200EA3A61 /* Sources */,
				FD8125D41C4E303200EA3A61 /* Resources */,
				FD8125D51C4E303200EA3A61 /* Frameworks */,
			);
			buildRules = (
			);
			dependencies = (
			);
			name = XXCodeGeneration;
			productName = XXCodeGeneration;
			productReference = FD8125D71C4E303200EA3A61 /* XXCodeGeneration.xcplugin */;
			productType = "com.apple.product-type.bundle";
		};
/* End PBXNativeTarget section */

/* Begin PBXProject section */
		FD8125CF1C4E303200EA3A61 /* Project object */ = {
			isa = PBXProject;
			attributes = {
				LastUpgradeCheck = 0720;
				ORGANIZATIONNAME = LXF;
				TargetAttributes = {
					FD8125D61C4E303200EA3A61 = {
						CreatedOnToolsVersion = 7.2;
					};
				};
			};
			buildConfigurationList = FD8125D21C4E303200EA3A61 /* Build configuration list for PBXProject "XXCodeGeneration" */;
			compatibilityVersion = "Xcode 3.2";
			developmentRegion = English;
			hasScannedForEncodings = 0;
			knownRegions = (
				en,
			);
			mainGroup = FD8125CE1C4E303200EA3A61;
			productRefGroup = FD8125D81C4E303200EA3A61 /* Products */;
			projectDirPath = "";
			projectRoot = "";
			targets = (
				FD8125D61C4E303200EA3A61 /* XXCodeGeneration */,
			);
		};
/* End PBXProject section */

/* Begin PBXResourcesBuildPhase section */
		FD8125D41C4E303200EA3A61 /* Resources */ = {
			isa = PBXResourcesBuildPhase;
			buildActionMask = 2147483647;
			files = (
				FD8125E11C4E303200EA3A61 /* XXCodeGeneration.xcscheme in Resources */,
				FD4E53371CAD150C003A314D /* XLazyAboutWindowController.xib in Resources */,
				FD8125FA1C4E30C600EA3A61 /* XLazySettingsWindowController.xib in Resources */,
			);
			runOnlyForDeploymentPostprocessing = 0;
		};
/* End PBXResourcesBuildPhase section */

/* Begin PBXSourcesBuildPhase section */
		FD8125D31C4E303200EA3A61 /* Sources */ = {
			isa = PBXSourcesBuildPhase;
			buildActionMask = 2147483647;
			files = (
				FD8125E41C4E303200EA3A61 /* XXCodeGeneration.m in Sources */,
				FD4E53361CAD150C003A314D /* XLazyAboutWindowController.m in Sources */,
				FD8126041C4E30CD00EA3A61 /* OCProperty.m in Sources */,
				FD8126051C4E30CD00EA3A61 /* StringFormater.m in Sources */,
				FD8125F81C4E30C600EA3A61 /* XLazySettings.m in Sources */,
				FD8126061C4E30CD00EA3A61 /* StringHelper.m in Sources */,
				FD8125E71C4E303200EA3A61 /* NSObject_Extension.m in Sources */,
				FD8125F91C4E30C600EA3A61 /* XLazySettingsWindowController.m in Sources */,
				FD8126071C4E30CD00EA3A61 /* TextCheckingResult.m in Sources */,
			);
			runOnlyForDeploymentPostprocessing = 0;
		};
/* End PBXSourcesBuildPhase section */

/* Begin XCBuildConfiguration section */
		FD8125E91C4E303200EA3A61 /* Debug */ = {
			isa = XCBuildConfiguration;
			buildSettings = {
				ALWAYS_SEARCH_USER_PATHS = NO;
				CLANG_CXX_LANGUAGE_STANDARD = "gnu++0x";
				CLANG_CXX_LIBRARY = "libc++";
				CLANG_ENABLE_MODULES = YES;
				CLANG_ENABLE_OBJC_ARC = YES;
				CLANG_WARN_BOOL_CONVERSION = YES;
				CLANG_WARN_CONSTANT_CONVERSION = YES;
				CLANG_WARN_DIRECT_OBJC_ISA_USAGE = YES_ERROR;
				CLANG_WARN_EMPTY_BODY = YES;
				CLANG_WARN_ENUM_CONVERSION = YES;
				CLANG_WARN_INT_CONVERSION = YES;
				CLANG_WARN_OBJC_ROOT_CLASS = YES_ERROR;
				CLANG_WARN_UNREACHABLE_CODE = YES;
				CLANG_WARN__DUPLICATE_METHOD_MATCH = YES;
				COPY_PHASE_STRIP = NO;
				DEBUG_INFORMATION_FORMAT = dwarf;
				ENABLE_STRICT_OBJC_MSGSEND = YES;
				ENABLE_TESTABILITY = YES;
				GCC_C_LANGUAGE_STANDARD = gnu99;
				GCC_DYNAMIC_NO_PIC = NO;
				GCC_NO_COMMON_BLOCKS = YES;
				GCC_OPTIMIZATION_LEVEL = 0;
				GCC_PREPROCESSOR_DEFINITIONS = (
					"DEBUG=1",
					"$(inherited)",
				);
				GCC_WARN_64_TO_32_BIT_CONVERSION = YES;
				GCC_WARN_ABOUT_RETURN_TYPE = YES_ERROR;
				GCC_WARN_UNDECLARED_SELECTOR = YES;
				GCC_WARN_UNINITIALIZED_AUTOS = YES_AGGRESSIVE;
				GCC_WARN_UNUSED_FUNCTION = YES;
				GCC_WARN_UNUSED_VARIABLE = YES;
				MTL_ENABLE_DEBUG_INFO = YES;
				ONLY_ACTIVE_ARCH = YES;
			};
			name = Debug;
		};
		FD8125EA1C4E303200EA3A61 /* Release */ = {
			isa = XCBuildConfiguration;
			buildSettings = {
				ALWAYS_SEARCH_USER_PATHS = NO;
				CLANG_CXX_LANGUAGE_STANDARD = "gnu++0x";
				CLANG_CXX_LIBRARY = "libc++";
				CLANG_ENABLE_MODULES = YES;
				CLANG_ENABLE_OBJC_ARC = YES;
				CLANG_WARN_BOOL_CONVERSION = YES;
				CLANG_WARN_CONSTANT_CONVERSION = YES;
				CLANG_WARN_DIRECT_OBJC_ISA_USAGE = YES_ERROR;
				CLANG_WARN_EMPTY_BODY = YES;
				CLANG_WARN_ENUM_CONVERSION = YES;
				CLANG_WARN_INT_CONVERSION = YES;
				CLANG_WARN_OBJC_ROOT_CLASS = YES_ERROR;
				CLANG_WARN_UNREACHABLE_CODE = YES;
				CLANG_WARN__DUPLICATE_METHOD_MATCH = YES;
				COPY_PHASE_STRIP = NO;
				DEBUG_INFORMATION_FORMAT = "dwarf-with-dsym";
				ENABLE_NS_ASSERTIONS = NO;
				ENABLE_STRICT_OBJC_MSGSEND = YES;
				GCC_C_LANGUAGE_STANDARD = gnu99;
				GCC_NO_COMMON_BLOCKS = YES;
				GCC_WARN_64_TO_32_BIT_CONVERSION = YES;
				GCC_WARN_ABOUT_RETURN_TYPE = YES_ERROR;
				GCC_WARN_UNDECLARED_SELECTOR = YES;
				GCC_WARN_UNINITIALIZED_AUTOS = YES_AGGRESSIVE;
				GCC_WARN_UNUSED_FUNCTION = YES;
				GCC_WARN_UNUSED_VARIABLE = YES;
				MTL_ENABLE_DEBUG_INFO = NO;
			};
			name = Release;
		};
		FD8125EC1C4E303200EA3A61 /* Debug */ = {
			isa = XCBuildConfiguration;
			buildSettings = {
				COMBINE_HIDPI_IMAGES = YES;
				DEPLOYMENT_LOCATION = YES;
				DSTROOT = "$(HOME)";
				GCC_PREFIX_HEADER = "$(SRCROOT)/XXCodeGeneration/PrefixHeader.pch";
				INFOPLIST_FILE = XXCodeGeneration/Info.plist;
				INSTALL_PATH = "/Library/Application Support/Developer/Shared/Xcode/Plug-ins";
				MACOSX_DEPLOYMENT_TARGET = 10.10;
				PRODUCT_BUNDLE_IDENTIFIER = com.Rdxer.XXCodeGeneration;
				PRODUCT_NAME = "$(TARGET_NAME)";
				WRAPPER_EXTENSION = xcplugin;
			};
			name = Debug;
		};
		FD8125ED1C4E303200EA3A61 /* Release */ = {
			isa = XCBuildConfiguration;
			buildSettings = {
				COMBINE_HIDPI_IMAGES = YES;
				DEPLOYMENT_LOCATION = YES;
				DSTROOT = "$(HOME)";
				GCC_PREFIX_HEADER = "$(SRCROOT)/XXCodeGeneration/PrefixHeader.pch";
				INFOPLIST_FILE = XXCodeGeneration/Info.plist;
				INSTALL_PATH = "/Library/Application Support/Developer/Shared/Xcode/Plug-ins";
				MACOSX_DEPLOYMENT_TARGET = 10.10;
				PRODUCT_BUNDLE_IDENTIFIER = com.Rdxer.XXCodeGeneration;
				PRODUCT_NAME = "$(TARGET_NAME)";
				WRAPPER_EXTENSION = xcplugin;
			};
			name = Release;
		};
/* End XCBuildConfiguration section */

/* Begin XCConfigurationList section */
		FD8125D21C4E303200EA3A61 /* Build configuration list for PBXProject "XXCodeGeneration" */ = {
			isa = XCConfigurationList;
			buildConfigurations = (
				FD8125E91C4E303200EA3A61 /* Debug */,
				FD8125EA1C4E303200EA3A61 /* Release */,
			);
			defaultConfigurationIsVisible = 0;
			defaultConfigurationName = Release;
		};
		FD8125EB1C4E303200EA3A61 /* Build configuration list for PBXNativeTarget "XXCodeGeneration" */ = {
			isa = XCConfigurationList;
			buildConfigurations = (
				FD8125EC1C4E303200EA3A61 /* Debug */,
				FD8125ED1C4E303200EA3A61 /* Release */,
			);
			defaultConfigurationIsVisible = 0;
			defaultConfigurationName = Release;
		};
/* End XCConfigurationList section */
	};
	rootObject = FD8125CF1C4E303200EA3A61 /* Project object */;
}
